
Microsoft Visual Studio Solution File, Format Version 12.00
# Visual Studio 15
VisualStudioVersion = 15.0.27703.2047
MinimumVisualStudioVersion = 10.0.40219.1
Project("{FAE04EC0-301F-11D3-BF4B-00C04F79EFBC}") = "OpcUaHelper", "OpcUaHelper\OpcUaHelper.csproj", "{7693C6F9-3846-4310-B0F1-194874C5047D}"
EndProject
Project("{FAE04EC0-301F-11D3-BF4B-00C04F79EFBC}") = "OpcUaHelper.Demo", "OpcUaHelper.Demo\OpcUaHelper.Demo.csproj", "{97C6ACDD-4A48-4DDB-8BAD-A8B67353525A}"
	ProjectSection(ProjectDependencies) = postProject
		{7693C6F9-3846-4310-B0F1-194874C5047D} = {7693C6F9-3846-4310-B0F1-194874C5047D}
	EndProjectSection
EndProject
Project("{9A19103F-16F7-4668-BE54-9A1E7A4F7556}") = "OpcUaHelper.Standard", "OpcUaHelper.Standard\OpcUaHelper.Standard.csproj", "{F90F66E3-9609-49AF-A13E-FA83032D5554}"
EndProject
Project("{9A19103F-16F7-4668-BE54-9A1E7A4F7556}") = "OpcUaHelper.NetCoreDemo", "OpcUaHelper.NetCoreDemo\OpcUaHelper.NetCoreDemo.csproj", "{108257A6-3746-4BD2-8900-8D74A2BA9192}"
EndProject
Project("{FAE04EC0-301F-11D3-BF4B-00C04F79EFBC}") = "OpcUaHelper.Tool", "OpcUaHelper.Tool\OpcUaHelper.Tool.csproj", "{80A2134B-31DB-4F41-AD9C-B74A7C0B0C57}"
	ProjectSection(ProjectDependencies) = postProject
		{7693C6F9-3846-4310-B0F1-194874C5047D} = {7693C6F9-3846-4310-B0F1-194874C5047D}
	EndProjectSection
EndProject
Project("{FAE04EC0-301F-11D3-BF4B-00C04F79EFBC}") = "OpcUaServerSample", "OpcUaServerSample\OpcUaServerSample.csproj", "{436A5308-B1E6-4F2C-B588-2C82C22EB2D9}"
EndProject
Global
	GlobalSection(SolutionConfigurationPlatforms) = preSolution
		Debug|Any CPU = Debug|Any CPU
		Release|Any CPU = Release|Any CPU
	EndGlobalSection
	GlobalSection(ProjectConfigurationPlatforms) = postSolution
		{7693C6F9-3846-4310-B0F1-194874C5047D}.Debug|Any CPU.ActiveCfg = Debug|Any CPU
		{7693C6F9-3846-4310-B0F1-194874C5047D}.Debug|Any CPU.Build.0 = Debug|Any CPU
		{7693C6F9-3846-4310-B0F1-194874C5047D}.Release|Any CPU.ActiveCfg = Release|Any CPU
		{7693C6F9-3846-4310-B0F1-194874C5047D}.Release|Any CPU.Build.0 = Release|Any CPU
		{97C6ACDD-4A48-4DDB-8BAD-A8B67353525A}.Debug|Any CPU.ActiveCfg = Debug|Any CPU
		{97C6ACDD-4A48-4DDB-8BAD-A8B67353525A}.Debug|Any CPU.Build.0 = Debug|Any CPU
		{97C6ACDD-4A48-4DDB-8BAD-A8B67353525A}.Release|Any CPU.ActiveCfg = Release|Any CPU
		{97C6ACDD-4A48-4DDB-8BAD-A8B67353525A}.Release|Any CPU.Build.0 = Release|Any CPU
		{F90F66E3-9609-49AF-A13E-FA83032D5554}.Debug|Any CPU.ActiveCfg = Debug|Any CPU
		{F90F66E3-9609-49AF-A13E-FA83032D5554}.Debug|Any CPU.Build.0 = Debug|Any CPU
		{F90F66E3-9609-49AF-A13E-FA83032D5554}.Release|Any CPU.ActiveCfg = Release|Any CPU
		{F90F66E3-9609-49AF-A13E-FA83032D5554}.Release|Any CPU.Build.0 = Release|Any CPU
		{108257A6-3746-4BD2-8900-8D74A2BA9192}.Debug|Any CPU.ActiveCfg = Debug|Any CPU
		{108257A6-3746-4BD2-8900-8D74A2BA9192}.Debug|Any CPU.Build.0 = Debug|Any CPU
		{108257A6-3746-4BD2-8900-8D74A2BA9192}.Release|Any CPU.ActiveCfg = Release|Any CPU
		{108257A6-3746-4BD2-8900-8D74A2BA9192}.Release|Any CPU.Build.0 = Release|Any CPU
		{80A2134B-31DB-4F41-AD9C-B74A7C0B0C57}.Debug|Any CPU.ActiveCfg = Debug|Any CPU
		{80A2134B-31DB-4F41-AD9C-B74A7C0B0C57}.Debug|Any CPU.Build.0 = Debug|Any CPU
		{80A2134B-31DB-4F41-AD9C-B74A7C0B0C57}.Release|Any CPU.ActiveCfg = Release|Any CPU
		{80A2134B-31DB-4F41-AD9C-B74A7C0B0C57}.Release|Any CPU.Build.0 = Release|Any CPU
		{436A5308-B1E6-4F2C-B588-2C82C22EB2D9}.Debug|Any CPU.ActiveCfg = Debug|Any CPU
		{436A5308-B1E6-4F2C-B588-2C82C22EB2D9}.Debug|Any CPU.Build.0 = Debug|Any CPU
		{436A5308-B1E6-4F2C-B588-2C82C22EB2D9}.Release|Any CPU.ActiveCfg = Release|Any CPU
		{436A5308-B1E6-4F2C-B588-2C82C22EB2D9}.Release|Any CPU.Build.0 = Release|Any CPU
	EndGlobalSection
	GlobalSection(SolutionProperties) = preSolution
		HideSolutionNode = FALSE
	EndGlobalSection
	GlobalSection(ExtensibilityGlobals) = postSolution
		SolutionGuid = {E476D2DC-9C83-4F8B-865C-6A13E3FEE276}
	EndGlobalSection
EndGlobal
